
Microsoft Visual Studio Solution File, Format Version 12.00
# Visual Studio Version 16
VisualStudioVersion = 16.0.31005.135
MinimumVisualStudioVersion = 10.0.40219.1
Project("{FAE04EC0-301F-11D3-BF4B-00C04F79EFBC}") = "MoranNumbers", "MoranNumbers.csproj", "{F93C160F-96EC-4AEB-B709-2F94A07B90B5}"
EndProject
Global
	GlobalSection(SolutionConfigurationPlatforms) = preSolution
		Debug|Any CPU = Debug|Any CPU
		Release|Any CPU = Release|Any CPU
	EndGlobalSection
	GlobalSection(ProjectConfigurationPlatforms) = postSolution
		{F93C160F-96EC-4AEB-B709-2F94A07B90B5}.Debug|Any CPU.ActiveCfg = Debug|Any CPU
		{F93C160F-96EC-4AEB-B709-2F94A07B90B5}.Debug|Any CPU.Build.0 = Debug|Any CPU
		{F93C160F-96EC-4AEB-B709-2F94A07B90B5}.Release|Any CPU.ActiveCfg = Release|Any CPU
		{F93C160F-96EC-4AEB-B709-2F94A07B90B5}.Release|Any CPU.Build.0 = Release|Any CPU
	EndGlobalSection
	GlobalSection(SolutionProperties) = preSolution
		HideSolutionNode = FALSE
	EndGlobalSection
	GlobalSection(ExtensibilityGlobals) = postSolution
		SolutionGuid = {DC7A6617-B82C-446E-BE81-C0875CF32584}
	EndGlobalSection
EndGlobal
